<?xml version="1.0" encoding="utf-8"?>
<Project ToolsVersion="4.0" xmlns="http://schemas.microsoft.com/developer/msbuild/2003">
  <ItemGroup>
    <Filter Include="Source Files">
      <UniqueIdentifier>{4FC737F1-C7A5-4376-A066-2A32D752A2FF}</UniqueIdentifier>
      <Extensions>cpp;c;cc;cxx;def;odl;idl;hpj;bat;asm;asmx</Extensions>
    </Filter>
    <Filter Include="Header Files">
      <UniqueIdentifier>{93995380-89BD-4b04-88EB-625FBE52EBFB}</UniqueIdentifier>
      <Extensions>h;hpp;hxx;hm;inl;inc;xsd</Extensions>
    </Filter>
    <Filter Include="Resource Files">
      <UniqueIdentifier>{67DA6AB6-F800-4c08-8B7A-83BB121AAD01}</UniqueIdentifier>
      <Extensions>rc;ico;cur;bmp;dlg;rc2;rct;bin;rgs;gif;jpg;jpeg;jpe;resx;tiff;tif;png;wav;mfcribbon-ms</Extensions>
    </Filter>
  </ItemGroup>
  <ItemGroup>
    <ClCompile Include="intTest.cpp">
      <Filter>Source Files</Filter>
    </ClCompile>
    <ClCompile Include="Interval.cpp">
      <Filter>Source Files</Filter>
    </ClCompile>
    <ClCompile Include="miscmach.cpp">
      <Filter>Source Files</Filter>
    </ClCompile>
    <ClCompile Include="intBox.cpp">
      <Filter>Source Files</Filter>
    </ClCompile>
    <ClCompile Include="EquationSet.cpp">
      <Filter>Source Files</Filter>
    </ClCompile>
    <ClCompile Include="EquationSet_Mapping.cpp">
      <Filter>Source Files</Filter>
    </ClCompile>
    <ClCompile Include="myStack.cpp">
      <Filter>Source Files</Filter>
    </ClCompile>
    <ClCompile Include="intbis.cpp">
      <Filter>Source Files</Filter>
    </ClCompile>
    <ClCompile Include="intbisThread.cpp">
      <Filter>Source Files</Filter>
    </ClCompile>
    <ClCompile Include="aThreadPool.cpp">
      <Filter>Source Files</Filter>
    </ClCompile>
    <ClCompile Include="nativeStack.cpp">
      <Filter>Source Files</Filter>
    </ClCompile>
    <ClCompile Include="EquationSet_Robot_kinematics.cpp">
      <Filter>Source Files</Filter>
    </ClCompile>
    <ClCompile Include="EquationSet_Neurophysiology.cpp">
      <Filter>Source Files</Filter>
    </ClCompile>
    <ClCompile Include="EquationSet_iBench.cpp">
      <Filter>Source Files</Filter>
    </ClCompile>
    <ClCompile Include="adiff.cpp">
      <Filter>Source Files</Filter>
    </ClCompile>
    <ClCompile Include="IntervalD.cpp">
      <Filter>Source Files</Filter>
    </ClCompile>
    <ClCompile Include="EquationSet_ChemicalEquilib.cpp">
      <Filter>Source Files</Filter>
    </ClCompile>
    <ClCompile Include="EquationSet_Broyden.cpp">
      <Filter>Source Files</Filter>
    </ClCompile>
    <ClCompile Include="EquationSet_Economic.cpp">
      <Filter>Source Files</Filter>
    </ClCompile>
    <ClCompile Include="intervalDPool.cpp">
      <Filter>Source Files</Filter>
    </ClCompile>
    <ClCompile Include="intSolEngine.cpp">
      <Filter>Source Files</Filter>
    </ClCompile>
  </ItemGroup>
  <ItemGroup>
    <ClInclude Include="Interval.h">
      <Filter>Header Files</Filter>
    </ClInclude>
    <ClInclude Include="miscmach.h">
      <Filter>Header Files</Filter>
    </ClInclude>
    <ClInclude Include="intBox.h">
      <Filter>Header Files</Filter>
    </ClInclude>
    <ClInclude Include="EquationSet.h">
      <Filter>Header Files</Filter>
    </ClInclude>
    <ClInclude Include="EquationSet_Mapping.h">
      <Filter>Header Files</Filter>
    </ClInclude>
    <ClInclude Include="myStack.h">
      <Filter>Header Files</Filter>
    </ClInclude>
    <ClInclude Include="intbis.h">
      <Filter>Header Files</Filter>
    </ClInclude>
    <ClInclude Include="intbisThread.h">
      <Filter>Header Files</Filter>
    </ClInclude>
    <ClInclude Include="aThreadPool.h">
      <Filter>Header Files</Filter>
    </ClInclude>
    <ClInclude Include="nativeStack.h">
      <Filter>Header Files</Filter>
    </ClInclude>
    <ClInclude Include="EquationSet_LogisticMappingIV.h">
      <Filter>Header Files</Filter>
    </ClInclude>
    <ClInclude Include="EquationSet_Robot_kinematics.h">
      <Filter>Header Files</Filter>
    </ClInclude>
    <ClInclude Include="EquationSet_Neurophysiology.h">
      <Filter>Header Files</Filter>
    </ClInclude>
    <ClInclude Include="EquationSet_iBench.h">
      <Filter>Header Files</Filter>
    </ClInclude>
    <ClInclude Include="adiff.h">
      <Filter>Header Files</Filter>
    </ClInclude>
    <ClInclude Include="IntervalD.h">
      <Filter>Header Files</Filter>
    </ClInclude>
    <ClInclude Include="EquationSet_ChemicalEquilib.h">
      <Filter>Header Files</Filter>
    </ClInclude>
    <ClInclude Include="EquationSet_Broyden.h">
      <Filter>Header Files</Filter>
    </ClInclude>
    <ClInclude Include="EquationSet_Economic.h">
      <Filter>Header Files</Filter>
    </ClInclude>
    <ClInclude Include="intervalDPool.h">
      <Filter>Header Files</Filter>
    </ClInclude>
    <ClInclude Include="intSolEngine.h">
      <Filter>Header Files</Filter>
    </ClInclude>
  </ItemGroup>
</Project>